
Microsoft Visual Studio Solution File, Format Version 12.00
# Visual Studio Version 16
VisualStudioVersion = 16.0.32106.194
MinimumVisualStudioVersion = 10.0.40219.1
Project("{9A19103F-16F7-4668-BE54-9A1E7A4F7556}") = "Singleton", "Singleton\Singleton.csproj", "{70DFCD94-369D-41F7-8970-2D149DC8D89B}"
EndProject
Project("{9A19103F-16F7-4668-BE54-9A1E7A4F7556}") = "FactoryMethod", "FactoryMethod\FactoryMethod.csproj", "{7297CCF1-5EFD-4726-BC9C-2C403CEE997C}"
EndProject
Project("{9A19103F-16F7-4668-BE54-9A1E7A4F7556}") = "AbstractFactory", "AbstractFactory\AbstractFactory.csproj", "{2B82E057-64CE-48D4-BBFB-EF080BCAA424}"
EndProject
Project("{9A19103F-16F7-4668-BE54-9A1E7A4F7556}") = "Builder", "Builder\Builder.csproj", "{F0387AB5-72D4-4737-8A4B-0D51A003BA5F}"
EndProject
Project("{9A19103F-16F7-4668-BE54-9A1E7A4F7556}") = "Prototype", "Prototype\Prototype.csproj", "{F6D007FC-9B57-4357-AA64-A337906B824A}"
EndProject
Project("{2150E333-8FDC-42A3-9474-1A3956D46DE8}") = "Behavior Patterns", "Behavior Patterns", "{A152C9AE-DEA3-4397-8EF4-D4419F29259B}"
EndProject
Project("{9A19103F-16F7-4668-BE54-9A1E7A4F7556}") = "Strategy", "Strategy\Strategy.csproj", "{1A93E15A-286D-4A59-92AB-041C1FB1F871}"
EndProject
Project("{9A19103F-16F7-4668-BE54-9A1E7A4F7556}") = "Observer", "Observer\Observer.csproj", "{C626F8A1-B665-462F-8F9E-0B13EC1CA857}"
EndProject
Project("{9A19103F-16F7-4668-BE54-9A1E7A4F7556}") = "Command", "Command\Command.csproj", "{98BBCEBF-1B01-47B6-9767-D346E96CE3B2}"
EndProject
Project("{9A19103F-16F7-4668-BE54-9A1E7A4F7556}") = "TemplateMethod", "TemplateMethod\TemplateMethod.csproj", "{1F14A1C3-9EE4-433E-844D-E3FE476D5CE4}"
EndProject
Project("{9A19103F-16F7-4668-BE54-9A1E7A4F7556}") = "Iterator", "Iterator\Iterator.csproj", "{FEC71FFD-4A9A-40E8-B8A1-F5C1D9DEC9CD}"
EndProject
Project("{9A19103F-16F7-4668-BE54-9A1E7A4F7556}") = "State", "State\State.csproj", "{EC565598-7AB1-45AF-A72F-8C6DE643602C}"
EndProject
Project("{9A19103F-16F7-4668-BE54-9A1E7A4F7556}") = "Chain_Of_Responsibility", "Chain_Of_Responsibility\Chain_Of_Responsibility.csproj", "{F02F83D6-24E4-4030-BBBA-99B0E792A50F}"
EndProject
Project("{9A19103F-16F7-4668-BE54-9A1E7A4F7556}") = "Interpreter", "Interpreter\Interpreter.csproj", "{EC44970E-14E9-451A-924D-DF9D0ED7BD2B}"
EndProject
Project("{9A19103F-16F7-4668-BE54-9A1E7A4F7556}") = "Mediator", "Mediator\Mediator.csproj", "{9C67672C-2813-4673-B3EA-3314DFA2A3D8}"
EndProject
Project("{9A19103F-16F7-4668-BE54-9A1E7A4F7556}") = "Memento", "Memento\Memento.csproj", "{0CE5E226-332A-478B-956C-F4F76B9463DF}"
EndProject
Project("{9A19103F-16F7-4668-BE54-9A1E7A4F7556}") = "Visitor", "Visitor\Visitor.csproj", "{A7B3721C-EA1D-4492-95C7-5FA7431B1928}"
EndProject
Project("{2150E333-8FDC-42A3-9474-1A3956D46DE8}") = "Structure Patterns", "Structure Patterns", "{381B1BE6-5ECE-461D-8E3D-4F48658AD112}"
EndProject
Project("{FAE04EC0-301F-11D3-BF4B-00C04F79EFBC}") = "Decorator", "Decorator\Decorator.csproj", "{9C959B20-E909-43B4-918A-9A41FA4FEAD8}"
EndProject
Project("{FAE04EC0-301F-11D3-BF4B-00C04F79EFBC}") = "Adapter", "Adapter\Adapter.csproj", "{07A017C8-F474-4E14-9C4F-FF6255F7D180}"
EndProject
Project("{FAE04EC0-301F-11D3-BF4B-00C04F79EFBC}") = "Facade", "Facade\Facade.csproj", "{11D7D48B-D4E2-42DC-A182-B9040F04FE96}"
EndProject
Project("{2150E333-8FDC-42A3-9474-1A3956D46DE8}") = "Generating Patterns", "Generating Patterns", "{A5B901E7-8FAE-4369-8A0D-7F365E9D27B2}"
EndProject
Project("{FAE04EC0-301F-11D3-BF4B-00C04F79EFBC}") = "Proxy", "Proxy\Proxy.csproj", "{56764670-E33E-4D39-A646-89E9D2E72DEC}"
EndProject
Project("{FAE04EC0-301F-11D3-BF4B-00C04F79EFBC}") = "FlyWeight", "FlyWeight\FlyWeight.csproj", "{49F459E5-531A-40A2-8711-1537CD9FAB0F}"
EndProject
Global
	GlobalSection(SolutionConfigurationPlatforms) = preSolution
		Debug|Any CPU = Debug|Any CPU
		Release|Any CPU = Release|Any CPU
	EndGlobalSection
	GlobalSection(ProjectConfigurationPlatforms) = postSolution
		{70DFCD94-369D-41F7-8970-2D149DC8D89B}.Debug|Any CPU.ActiveCfg = Debug|Any CPU
		{70DFCD94-369D-41F7-8970-2D149DC8D89B}.Debug|Any CPU.Build.0 = Debug|Any CPU
		{70DFCD94-369D-41F7-8970-2D149DC8D89B}.Release|Any CPU.ActiveCfg = Release|Any CPU
		{70DFCD94-369D-41F7-8970-2D149DC8D89B}.Release|Any CPU.Build.0 = Release|Any CPU
		{7297CCF1-5EFD-4726-BC9C-2C403CEE997C}.Debug|Any CPU.ActiveCfg = Debug|Any CPU
		{7297CCF1-5EFD-4726-BC9C-2C403CEE997C}.Debug|Any CPU.Build.0 = Debug|Any CPU
		{7297CCF1-5EFD-4726-BC9C-2C403CEE997C}.Release|Any CPU.ActiveCfg = Release|Any CPU
		{7297CCF1-5EFD-4726-BC9C-2C403CEE997C}.Release|Any CPU.Build.0 = Release|Any CPU
		{2B82E057-64CE-48D4-BBFB-EF080BCAA424}.Debug|Any CPU.ActiveCfg = Debug|Any CPU
		{2B82E057-64CE-48D4-BBFB-EF080BCAA424}.Debug|Any CPU.Build.0 = Debug|Any CPU
		{2B82E057-64CE-48D4-BBFB-EF080BCAA424}.Release|Any CPU.ActiveCfg = Release|Any CPU
		{2B82E057-64CE-48D4-BBFB-EF080BCAA424}.Release|Any CPU.Build.0 = Release|Any CPU
		{F0387AB5-72D4-4737-8A4B-0D51A003BA5F}.Debug|Any CPU.ActiveCfg = Debug|Any CPU
		{F0387AB5-72D4-4737-8A4B-0D51A003BA5F}.Debug|Any CPU.Build.0 = Debug|Any CPU
		{F0387AB5-72D4-4737-8A4B-0D51A003BA5F}.Release|Any CPU.ActiveCfg = Release|Any CPU
		{F0387AB5-72D4-4737-8A4B-0D51A003BA5F}.Release|Any CPU.Build.0 = Release|Any CPU
		{F6D007FC-9B57-4357-AA64-A337906B824A}.Debug|Any CPU.ActiveCfg = Debug|Any CPU
		{F6D007FC-9B57-4357-AA64-A337906B824A}.Debug|Any CPU.Build.0 = Debug|Any CPU
		{F6D007FC-9B57-4357-AA64-A337906B824A}.Release|Any CPU.ActiveCfg = Release|Any CPU
		{F6D007FC-9B57-4357-AA64-A337906B824A}.Release|Any CPU.Build.0 = Release|Any CPU
		{1A93E15A-286D-4A59-92AB-041C1FB1F871}.Debug|Any CPU.ActiveCfg = Debug|Any CPU
		{1A93E15A-286D-4A59-92AB-041C1FB1F871}.Debug|Any CPU.Build.0 = Debug|Any CPU
		{1A93E15A-286D-4A59-92AB-041C1FB1F871}.Release|Any CPU.ActiveCfg = Release|Any CPU
		{1A93E15A-286D-4A59-92AB-041C1FB1F871}.Release|Any CPU.Build.0 = Release|Any CPU
		{C626F8A1-B665-462F-8F9E-0B13EC1CA857}.Debug|Any CPU.ActiveCfg = Debug|Any CPU
		{C626F8A1-B665-462F-8F9E-0B13EC1CA857}.Debug|Any CPU.Build.0 = Debug|Any CPU
		{C626F8A1-B665-462F-8F9E-0B13EC1CA857}.Release|Any CPU.ActiveCfg = Release|Any CPU
		{C626F8A1-B665-462F-8F9E-0B13EC1CA857}.Release|Any CPU.Build.0 = Release|Any CPU
		{98BBCEBF-1B01-47B6-9767-D346E96CE3B2}.Debug|Any CPU.ActiveCfg = Debug|Any CPU
		{98BBCEBF-1B01-47B6-9767-D346E96CE3B2}.Debug|Any CPU.Build.0 = Debug|Any CPU
		{98BBCEBF-1B01-47B6-9767-D346E96CE3B2}.Release|Any CPU.ActiveCfg = Release|Any CPU
		{98BBCEBF-1B01-47B6-9767-D346E96CE3B2}.Release|Any CPU.Build.0 = Release|Any CPU
		{1F14A1C3-9EE4-433E-844D-E3FE476D5CE4}.Debug|Any CPU.ActiveCfg = Debug|Any CPU
		{1F14A1C3-9EE4-433E-844D-E3FE476D5CE4}.Debug|Any CPU.Build.0 = Debug|Any CPU
		{1F14A1C3-9EE4-433E-844D-E3FE476D5CE4}.Release|Any CPU.ActiveCfg = Release|Any CPU
		{1F14A1C3-9EE4-433E-844D-E3FE476D5CE4}.Release|Any CPU.Build.0 = Release|Any CPU
		{FEC71FFD-4A9A-40E8-B8A1-F5C1D9DEC9CD}.Debug|Any CPU.ActiveCfg = Debug|Any CPU
		{FEC71FFD-4A9A-40E8-B8A1-F5C1D9DEC9CD}.Debug|Any CPU.Build.0 = Debug|Any CPU
		{FEC71FFD-4A9A-40E8-B8A1-F5C1D9DEC9CD}.Release|Any CPU.ActiveCfg = Release|Any CPU
		{FEC71FFD-4A9A-40E8-B8A1-F5C1D9DEC9CD}.Release|Any CPU.Build.0 = Release|Any CPU
		{EC565598-7AB1-45AF-A72F-8C6DE643602C}.Debug|Any CPU.ActiveCfg = Debug|Any CPU
		{EC565598-7AB1-45AF-A72F-8C6DE643602C}.Debug|Any CPU.Build.0 = Debug|Any CPU
		{EC565598-7AB1-45AF-A72F-8C6DE643602C}.Release|Any CPU.ActiveCfg = Release|Any CPU
		{EC565598-7AB1-45AF-A72F-8C6DE643602C}.Release|Any CPU.Build.0 = Release|Any CPU
		{F02F83D6-24E4-4030-BBBA-99B0E792A50F}.Debug|Any CPU.ActiveCfg = Debug|Any CPU
		{F02F83D6-24E4-4030-BBBA-99B0E792A50F}.Debug|Any CPU.Build.0 = Debug|Any CPU
		{F02F83D6-24E4-4030-BBBA-99B0E792A50F}.Release|Any CPU.ActiveCfg = Release|Any CPU
		{F02F83D6-24E4-4030-BBBA-99B0E792A50F}.Release|Any CPU.Build.0 = Release|Any CPU
		{EC44970E-14E9-451A-924D-DF9D0ED7BD2B}.Debug|Any CPU.ActiveCfg = Debug|Any CPU
		{EC44970E-14E9-451A-924D-DF9D0ED7BD2B}.Debug|Any CPU.Build.0 = Debug|Any CPU
		{EC44970E-14E9-451A-924D-DF9D0ED7BD2B}.Release|Any CPU.ActiveCfg = Release|Any CPU
		{EC44970E-14E9-451A-924D-DF9D0ED7BD2B}.Release|Any CPU.Build.0 = Release|Any CPU
		{9C67672C-2813-4673-B3EA-3314DFA2A3D8}.Debug|Any CPU.ActiveCfg = Debug|Any CPU
		{9C67672C-2813-4673-B3EA-3314DFA2A3D8}.Debug|Any CPU.Build.0 = Debug|Any CPU
		{9C67672C-2813-4673-B3EA-3314DFA2A3D8}.Release|Any CPU.ActiveCfg = Release|Any CPU
		{9C67672C-2813-4673-B3EA-3314DFA2A3D8}.Release|Any CPU.Build.0 = Release|Any CPU
		{0CE5E226-332A-478B-956C-F4F76B9463DF}.Debug|Any CPU.ActiveCfg = Debug|Any CPU
		{0CE5E226-332A-478B-956C-F4F76B9463DF}.Debug|Any CPU.Build.0 = Debug|Any CPU
		{0CE5E226-332A-478B-956C-F4F76B9463DF}.Release|Any CPU.ActiveCfg = Release|Any CPU
		{0CE5E226-332A-478B-956C-F4F76B9463DF}.Release|Any CPU.Build.0 = Release|Any CPU
		{A7B3721C-EA1D-4492-95C7-5FA7431B1928}.Debug|Any CPU.ActiveCfg = Debug|Any CPU
		{A7B3721C-EA1D-4492-95C7-5FA7431B1928}.Debug|Any CPU.Build.0 = Debug|Any CPU
		{A7B3721C-EA1D-4492-95C7-5FA7431B1928}.Release|Any CPU.ActiveCfg = Release|Any CPU
		{A7B3721C-EA1D-4492-95C7-5FA7431B1928}.Release|Any CPU.Build.0 = Release|Any CPU
		{9C959B20-E909-43B4-918A-9A41FA4FEAD8}.Debug|Any CPU.ActiveCfg = Debug|Any CPU
		{9C959B20-E909-43B4-918A-9A41FA4FEAD8}.Debug|Any CPU.Build.0 = Debug|Any CPU
		{9C959B20-E909-43B4-918A-9A41FA4FEAD8}.Release|Any CPU.ActiveCfg = Release|Any CPU
		{9C959B20-E909-43B4-918A-9A41FA4FEAD8}.Release|Any CPU.Build.0 = Release|Any CPU
		{07A017C8-F474-4E14-9C4F-FF6255F7D180}.Debug|Any CPU.ActiveCfg = Debug|Any CPU
		{07A017C8-F474-4E14-9C4F-FF6255F7D180}.Debug|Any CPU.Build.0 = Debug|Any CPU
		{07A017C8-F474-4E14-9C4F-FF6255F7D180}.Release|Any CPU.ActiveCfg = Release|Any CPU
		{07A017C8-F474-4E14-9C4F-FF6255F7D180}.Release|Any CPU.Build.0 = Release|Any CPU
		{11D7D48B-D4E2-42DC-A182-B9040F04FE96}.Debug|Any CPU.ActiveCfg = Debug|Any CPU
		{11D7D48B-D4E2-42DC-A182-B9040F04FE96}.Debug|Any CPU.Build.0 = Debug|Any CPU
		{11D7D48B-D4E2-42DC-A182-B9040F04FE96}.Release|Any CPU.ActiveCfg = Release|Any CPU
		{11D7D48B-D4E2-42DC-A182-B9040F04FE96}.Release|Any CPU.Build.0 = Release|Any CPU
		{56764670-E33E-4D39-A646-89E9D2E72DEC}.Debug|Any CPU.ActiveCfg = Debug|Any CPU
		{56764670-E33E-4D39-A646-89E9D2E72DEC}.Debug|Any CPU.Build.0 = Debug|Any CPU
		{56764670-E33E-4D39-A646-89E9D2E72DEC}.Release|Any CPU.ActiveCfg = Release|Any CPU
		{56764670-E33E-4D39-A646-89E9D2E72DEC}.Release|Any CPU.Build.0 = Release|Any CPU
		{49F459E5-531A-40A2-8711-1537CD9FAB0F}.Debug|Any CPU.ActiveCfg = Debug|Any CPU
		{49F459E5-531A-40A2-8711-1537CD9FAB0F}.Debug|Any CPU.Build.0 = Debug|Any CPU
		{49F459E5-531A-40A2-8711-1537CD9FAB0F}.Release|Any CPU.ActiveCfg = Release|Any CPU
		{49F459E5-531A-40A2-8711-1537CD9FAB0F}.Release|Any CPU.Build.0 = Release|Any CPU
	EndGlobalSection
	GlobalSection(SolutionProperties) = preSolution
		HideSolutionNode = FALSE
	EndGlobalSection
	GlobalSection(NestedProjects) = preSolution
		{70DFCD94-369D-41F7-8970-2D149DC8D89B} = {A5B901E7-8FAE-4369-8A0D-7F365E9D27B2}
		{7297CCF1-5EFD-4726-BC9C-2C403CEE997C} = {A5B901E7-8FAE-4369-8A0D-7F365E9D27B2}
		{2B82E057-64CE-48D4-BBFB-EF080BCAA424} = {A5B901E7-8FAE-4369-8A0D-7F365E9D27B2}
		{F0387AB5-72D4-4737-8A4B-0D51A003BA5F} = {A5B901E7-8FAE-4369-8A0D-7F365E9D27B2}
		{F6D007FC-9B57-4357-AA64-A337906B824A} = {A5B901E7-8FAE-4369-8A0D-7F365E9D27B2}
		{1A93E15A-286D-4A59-92AB-041C1FB1F871} = {A152C9AE-DEA3-4397-8EF4-D4419F29259B}
		{C626F8A1-B665-462F-8F9E-0B13EC1CA857} = {A152C9AE-DEA3-4397-8EF4-D4419F29259B}
		{98BBCEBF-1B01-47B6-9767-D346E96CE3B2} = {A152C9AE-DEA3-4397-8EF4-D4419F29259B}
		{1F14A1C3-9EE4-433E-844D-E3FE476D5CE4} = {A152C9AE-DEA3-4397-8EF4-D4419F29259B}
		{FEC71FFD-4A9A-40E8-B8A1-F5C1D9DEC9CD} = {A152C9AE-DEA3-4397-8EF4-D4419F29259B}
		{EC565598-7AB1-45AF-A72F-8C6DE643602C} = {A152C9AE-DEA3-4397-8EF4-D4419F29259B}
		{F02F83D6-24E4-4030-BBBA-99B0E792A50F} = {A152C9AE-DEA3-4397-8EF4-D4419F29259B}
		{EC44970E-14E9-451A-924D-DF9D0ED7BD2B} = {A152C9AE-DEA3-4397-8EF4-D4419F29259B}
		{9C67672C-2813-4673-B3EA-3314DFA2A3D8} = {A152C9AE-DEA3-4397-8EF4-D4419F29259B}
		{0CE5E226-332A-478B-956C-F4F76B9463DF} = {A152C9AE-DEA3-4397-8EF4-D4419F29259B}
		{A7B3721C-EA1D-4492-95C7-5FA7431B1928} = {A152C9AE-DEA3-4397-8EF4-D4419F29259B}
		{9C959B20-E909-43B4-918A-9A41FA4FEAD8} = {381B1BE6-5ECE-461D-8E3D-4F48658AD112}
		{07A017C8-F474-4E14-9C4F-FF6255F7D180} = {381B1BE6-5ECE-461D-8E3D-4F48658AD112}
		{11D7D48B-D4E2-42DC-A182-B9040F04FE96} = {381B1BE6-5ECE-461D-8E3D-4F48658AD112}
		{56764670-E33E-4D39-A646-89E9D2E72DEC} = {381B1BE6-5ECE-461D-8E3D-4F48658AD112}
		{49F459E5-531A-40A2-8711-1537CD9FAB0F} = {381B1BE6-5ECE-461D-8E3D-4F48658AD112}
	EndGlobalSection
	GlobalSection(ExtensibilityGlobals) = postSolution
		SolutionGuid = {F6B29F11-8343-4C13-A2F0-41206BD6F4F1}
	EndGlobalSection
EndGlobal
